
Microsoft Visual Studio Solution File, Format Version 12.00
# Visual Studio Version 17
VisualStudioVersion = 17.11.35222.181
MinimumVisualStudioVersion = 10.0.40219.1
Project("{FAE04EC0-301F-11D3-BF4B-00C04F79EFBC}") = "BankAccountSystem", "BankAccountSystem\BankAccountSystem.csproj", "{7F88396B-56C4-460B-BCF1-EDD2E64CABAA}"
EndProject
Project("{FAE04EC0-301F-11D3-BF4B-00C04F79EFBC}") = "BankAccountTesting", "BankAccountTesting\BankAccountTesting.csproj", "{DA066A4D-9022-49BF-9758-DDD2B52C8D84}"
EndProject
Global
	GlobalSection(SolutionConfigurationPlatforms) = preSolution
		Debug|Any CPU = Debug|Any CPU
		Release|Any CPU = Release|Any CPU
	EndGlobalSection
	GlobalSection(ProjectConfigurationPlatforms) = postSolution
		{7F88396B-56C4-460B-BCF1-EDD2E64CABAA}.Debug|Any CPU.ActiveCfg = Debug|Any CPU
		{7F88396B-56C4-460B-BCF1-EDD2E64CABAA}.Debug|Any CPU.Build.0 = Debug|Any CPU
		{7F88396B-56C4-460B-BCF1-EDD2E64CABAA}.Release|Any CPU.ActiveCfg = Release|Any CPU
		{7F88396B-56C4-460B-BCF1-EDD2E64CABAA}.Release|Any CPU.Build.0 = Release|Any CPU
		{DA066A4D-9022-49BF-9758-DDD2B52C8D84}.Debug|Any CPU.ActiveCfg = Debug|Any CPU
		{DA066A4D-9022-49BF-9758-DDD2B52C8D84}.Debug|Any CPU.Build.0 = Debug|Any CPU
		{DA066A4D-9022-49BF-9758-DDD2B52C8D84}.Release|Any CPU.ActiveCfg = Release|Any CPU
		{DA066A4D-9022-49BF-9758-DDD2B52C8D84}.Release|Any CPU.Build.0 = Release|Any CPU
	EndGlobalSection
	GlobalSection(SolutionProperties) = preSolution
		HideSolutionNode = FALSE
	EndGlobalSection
	GlobalSection(ExtensibilityGlobals) = postSolution
		SolutionGuid = {2DFDAC84-6DC3-4345-9E7E-5C915F330A43}
	EndGlobalSection
EndGlobal
